<?xml version="1.0" encoding="utf-8"?>
<Project ToolsVersion="4.0" xmlns="http://schemas.microsoft.com/developer/msbuild/2003">
  <ItemGroup>
    <Filter Include="Source Files">
      <UniqueIdentifier>{4FC737F1-C7A5-4376-A066-2A32D752A2FF}</UniqueIdentifier>
      <Extensions>cpp;c;cc;cxx;def;odl;idl;hpj;bat;asm;asmx</Extensions>
    </Filter>
    <Filter Include="Header Files">
      <UniqueIdentifier>{93995380-89BD-4b04-88EB-625FBE52EBFB}</UniqueIdentifier>
      <Extensions>h;hh;hpp;hxx;hm;inl;inc;xsd</Extensions>
    </Filter>
    <Filter Include="Framework">
      <UniqueIdentifier>{172fabbc-8418-40e0-a6e4-6b78858fe635}</UniqueIdentifier>
    </Filter>
    <Filter Include="Enemy">
      <UniqueIdentifier>{7614bd3a-22c4-4230-9c66-b3911e27303d}</UniqueIdentifier>
    </Filter>
    <Filter Include="Ground">
      <UniqueIdentifier>{fa8eafb8-33d0-44d0-8b87-d74439958bb5}</UniqueIdentifier>
    </Filter>
    <Filter Include="Items">
      <UniqueIdentifier>{08c123a9-1548-4766-944a-afd8f4dfbafe}</UniqueIdentifier>
    </Filter>
    <Filter Include="Effects">
      <UniqueIdentifier>{bae22a07-70d3-406a-9e43-bc3b4caf246c}</UniqueIdentifier>
    </Filter>
    <Filter Include="Player">
      <UniqueIdentifier>{fd874b74-fe1a-4618-80f2-991b480ab617}</UniqueIdentifier>
    </Filter>
    <Filter Include="BoardGame">
      <UniqueIdentifier>{42e5e95c-a216-4fd5-a26b-1f5c65c49e8c}</UniqueIdentifier>
    </Filter>
    <Filter Include="Scene">
      <UniqueIdentifier>{a716da57-4450-4151-83a4-1f8df9334c52}</UniqueIdentifier>
    </Filter>
  </ItemGroup>
  <ItemGroup>
    <ClCompile Include="main.cpp">
      <Filter>Source Files</Filter>
    </ClCompile>
    <ClCompile Include="Animation.cpp">
      <Filter>Framework</Filter>
    </ClCompile>
    <ClCompile Include="AnimationFrame.cpp">
      <Filter>Framework</Filter>
    </ClCompile>
    <ClCompile Include="Animations.cpp">
      <Filter>Framework</Filter>
    </ClCompile>
    <ClCompile Include="AnimationSet.cpp">
      <Filter>Framework</Filter>
    </ClCompile>
    <ClCompile Include="Game.cpp">
      <Filter>Framework</Filter>
    </ClCompile>
    <ClCompile Include="GameObject.cpp">
      <Filter>Framework</Filter>
    </ClCompile>
    <ClCompile Include="Sprites.cpp">
      <Filter>Framework</Filter>
    </ClCompile>
    <ClCompile Include="Textures.cpp">
      <Filter>Framework</Filter>
    </ClCompile>
    <ClCompile Include="Utils.cpp">
      <Filter>Framework</Filter>
    </ClCompile>
    <ClCompile Include="FireFlower.cpp">
      <Filter>Enemy</Filter>
    </ClCompile>
    <ClCompile Include="Enemy.cpp">
      <Filter>Enemy</Filter>
    </ClCompile>
    <ClCompile Include="Goomba.cpp">
      <Filter>Enemy</Filter>
    </ClCompile>
    <ClCompile Include="Koopas.cpp">
      <Filter>Enemy</Filter>
    </ClCompile>
    <ClCompile Include="PiranhaFlower.cpp">
      <Filter>Enemy</Filter>
    </ClCompile>
    <ClCompile Include="Plant.cpp">
      <Filter>Enemy</Filter>
    </ClCompile>
    <ClCompile Include="Brick.cpp">
      <Filter>Ground</Filter>
    </ClCompile>
    <ClCompile Include="Ground.cpp">
      <Filter>Ground</Filter>
    </ClCompile>
    <ClCompile Include="Pipe.cpp">
      <Filter>Ground</Filter>
    </ClCompile>
    <ClCompile Include="SuperLeaf.cpp">
      <Filter>Items</Filter>
    </ClCompile>
    <ClCompile Include="SuperMushroom.cpp">
      <Filter>Items</Filter>
    </ClCompile>
    <ClCompile Include="Item.cpp">
      <Filter>Items</Filter>
    </ClCompile>
    <ClCompile Include="Pswitch.cpp">
      <Filter>Items</Filter>
    </ClCompile>
    <ClCompile Include="FireFlowerBall.cpp">
      <Filter>Enemy</Filter>
    </ClCompile>
    <ClCompile Include="Coin.cpp">
      <Filter>Items</Filter>
    </ClCompile>
    <ClCompile Include="CoinEffect.cpp">
      <Filter>Effects</Filter>
    </ClCompile>
    <ClCompile Include="Mario.cpp">
      <Filter>Player</Filter>
    </ClCompile>
    <ClCompile Include="MarioTail.cpp">
      <Filter>Player</Filter>
    </ClCompile>
    <ClCompile Include="Bullet.cpp">
      <Filter>Player</Filter>
    </ClCompile>
    <ClCompile Include="ScoreEffect.cpp">
      <Filter>Effects</Filter>
    </ClCompile>
    <ClCompile Include="FireBallEffect.cpp">
      <Filter>Effects</Filter>
    </ClCompile>
    <ClCompile Include="Hud.cpp">
      <Filter>BoardGame</Filter>
    </ClCompile>
    <ClCompile Include="SpeedBar.cpp">
      <Filter>BoardGame</Filter>
    </ClCompile>
    <ClCompile Include="Text.cpp">
      <Filter>BoardGame</Filter>
    </ClCompile>
    <ClCompile Include="Map.cpp">
      <Filter>BoardGame</Filter>
    </ClCompile>
    <ClCompile Include="Grid.cpp">
      <Filter>BoardGame</Filter>
    </ClCompile>
    <ClCompile Include="Camera.cpp">
      <Filter>BoardGame</Filter>
    </ClCompile>
    <ClCompile Include="Ninja.cpp">
      <Filter>Enemy</Filter>
    </ClCompile>
    <ClCompile Include="NinjaBoomerang.cpp">
      <Filter>Enemy</Filter>
    </ClCompile>
    <ClCompile Include="GreeenLand.cpp">
      <Filter>Scene</Filter>
    </ClCompile>
    <ClCompile Include="GreenLandObject.cpp">
      <Filter>Scene</Filter>
    </ClCompile>
    <ClCompile Include="PlayScence.cpp">
      <Filter>Scene</Filter>
    </ClCompile>
    <ClCompile Include="Scence.cpp">
      <Filter>Scene</Filter>
    </ClCompile>
    <ClCompile Include="Portal.cpp">
      <Filter>Scene</Filter>
    </ClCompile>
    <ClCompile Include="CardItemEffect.cpp">
      <Filter>Effects</Filter>
    </ClCompile>
    <ClCompile Include="LastItem.cpp">
      <Filter>Items</Filter>
    </ClCompile>
    <ClCompile Include="BrickBrokenEffect.cpp">
      <Filter>Effects</Filter>
    </ClCompile>
  </ItemGroup>
  <ItemGroup>
    <ClInclude Include="Animation.h">
      <Filter>Framework</Filter>
    </ClInclude>
    <ClInclude Include="AnimationFrame.h">
      <Filter>Framework</Filter>
    </ClInclude>
    <ClInclude Include="Animations.h">
      <Filter>Framework</Filter>
    </ClInclude>
    <ClInclude Include="AnimationSet.h">
      <Filter>Framework</Filter>
    </ClInclude>
    <ClInclude Include="GameObject.h">
      <Filter>Framework</Filter>
    </ClInclude>
    <ClInclude Include="Game.h">
      <Filter>Framework</Filter>
    </ClInclude>
    <ClInclude Include="Sprites.h">
      <Filter>Framework</Filter>
    </ClInclude>
    <ClInclude Include="Textures.h">
      <Filter>Framework</Filter>
    </ClInclude>
    <ClInclude Include="Utils.h">
      <Filter>Framework</Filter>
    </ClInclude>
    <ClInclude Include="Timer.h">
      <Filter>Header Files</Filter>
    </ClInclude>
    <ClInclude Include="define.h">
      <Filter>Header Files</Filter>
    </ClInclude>
    <ClInclude Include="Enemy.h">
      <Filter>Enemy</Filter>
    </ClInclude>
    <ClInclude Include="Goomba.h">
      <Filter>Enemy</Filter>
    </ClInclude>
    <ClInclude Include="Koopas.h">
      <Filter>Enemy</Filter>
    </ClInclude>
    <ClInclude Include="PiranhaFlower.h">
      <Filter>Enemy</Filter>
    </ClInclude>
    <ClInclude Include="Plant.h">
      <Filter>Enemy</Filter>
    </ClInclude>
    <ClInclude Include="FireFlower.h">
      <Filter>Enemy</Filter>
    </ClInclude>
    <ClInclude Include="Ground.h">
      <Filter>Ground</Filter>
    </ClInclude>
    <ClInclude Include="Brick.h">
      <Filter>Ground</Filter>
    </ClInclude>
    <ClInclude Include="Pipe.h">
      <Filter>Ground</Filter>
    </ClInclude>
    <ClInclude Include="SuperLeaf.h">
      <Filter>Items</Filter>
    </ClInclude>
    <ClInclude Include="SuperMushroom.h">
      <Filter>Items</Filter>
    </ClInclude>
    <ClInclude Include="Item.h">
      <Filter>Items</Filter>
    </ClInclude>
    <ClInclude Include="Pswitch.h">
      <Filter>Items</Filter>
    </ClInclude>
    <ClInclude Include="FireFlowerBall.h">
      <Filter>Enemy</Filter>
    </ClInclude>
    <ClInclude Include="Coin.h">
      <Filter>Items</Filter>
    </ClInclude>
    <ClInclude Include="CoinEffect.h">
      <Filter>Effects</Filter>
    </ClInclude>
    <ClInclude Include="MarioTail.h">
      <Filter>Player</Filter>
    </ClInclude>
    <ClInclude Include="Mario.h">
      <Filter>Player</Filter>
    </ClInclude>
    <ClInclude Include="Bullet.h">
      <Filter>Player</Filter>
    </ClInclude>
    <ClInclude Include="ScoreEffect.h">
      <Filter>Effects</Filter>
    </ClInclude>
    <ClInclude Include="FireBallEffect.h">
      <Filter>Effects</Filter>
    </ClInclude>
    <ClInclude Include="Text.h">
      <Filter>BoardGame</Filter>
    </ClInclude>
    <ClInclude Include="SpeedBar.h">
      <Filter>BoardGame</Filter>
    </ClInclude>
    <ClInclude Include="Hud.h">
      <Filter>BoardGame</Filter>
    </ClInclude>
    <ClInclude Include="Map.h">
      <Filter>BoardGame</Filter>
    </ClInclude>
    <ClInclude Include="Grid.h">
      <Filter>BoardGame</Filter>
    </ClInclude>
    <ClInclude Include="Camera.h">
      <Filter>BoardGame</Filter>
    </ClInclude>
    <ClInclude Include="Ninja.h">
      <Filter>Enemy</Filter>
    </ClInclude>
    <ClInclude Include="NinjaBoomerang.h">
      <Filter>Enemy</Filter>
    </ClInclude>
    <ClInclude Include="GreeenLand.h">
      <Filter>Scene</Filter>
    </ClInclude>
    <ClInclude Include="GreenLandObject.h">
      <Filter>Scene</Filter>
    </ClInclude>
    <ClInclude Include="Scence.h">
      <Filter>Scene</Filter>
    </ClInclude>
    <ClInclude Include="PlayScence.h">
      <Filter>Scene</Filter>
    </ClInclude>
    <ClInclude Include="Portal.h">
      <Filter>Scene</Filter>
    </ClInclude>
    <ClInclude Include="CardItemEffect.h">
      <Filter>Effects</Filter>
    </ClInclude>
    <ClInclude Include="LastItem.h">
      <Filter>Items</Filter>
    </ClInclude>
    <ClInclude Include="BrickBrokenEffect.h">
      <Filter>Effects</Filter>
    </ClInclude>
  </ItemGroup>
</Project>